
Microsoft Visual Studio Solution File, Format Version 12.00
# Visual Studio 15
VisualStudioVersion = 15.0.28307.902
MinimumVisualStudioVersion = 10.0.40219.1
Project("{888888A0-9F3D-457C-B088-3A5042F75D52}") = "Classification", "Classification\Classification.pyproj", "{48DAF671-D48D-4CB4-B342-402A6A15589A}"
EndProject
Global
	GlobalSection(SolutionConfigurationPlatforms) = preSolution
		Debug|Any CPU = Debug|Any CPU
		Release|Any CPU = Release|Any CPU
	EndGlobalSection
	GlobalSection(ProjectConfigurationPlatforms) = postSolution
		{48DAF671-D48D-4CB4-B342-402A6A15589A}.Debug|Any CPU.ActiveCfg = Debug|Any CPU
		{48DAF671-D48D-4CB4-B342-402A6A15589A}.Release|Any CPU.ActiveCfg = Release|Any CPU
	EndGlobalSection
	GlobalSection(SolutionProperties) = preSolution
		HideSolutionNode = FALSE
	EndGlobalSection
	GlobalSection(ExtensibilityGlobals) = postSolution
		SolutionGuid = {27E8B315-3221-4FC1-9DBC-608163A7920A}
	EndGlobalSection
EndGlobal
